// !$*UTF8*$!
{
	archiveVersion = 1;
	classes = {
	};
	objectVersion = 48;
	objects = {

/* Begin PBXBuildFile section */
		774CA5FB2057C99E00C5D919 /* AppDelegate.swift in Sources */ = {isa = PBXBuildFile; fileRef = 774CA5FA2057C99E00C5D919 /* AppDelegate.swift */; };
		774CA5FD2057C99E00C5D919 /* ViewController.swift in Sources */ = {isa = PBXBuildFile; fileRef = 774CA5FC2057C99E00C5D919 /* ViewController.swift */; };
		774CA6002057C99E00C5D919 /* Main.storyboard in Resources */ = {isa = PBXBuildFile; fileRef = 774CA5FE2057C99E00C5D919 /* Main.storyboard */; };
		774CA6022057C99E00C5D919 /* Assets.xcassets in Resources */ = {isa = PBXBuildFile; fileRef = 774CA6012057C99E00C5D919 /* Assets.xcassets */; };
		774CA6052057C99E00C5D919 /* LaunchScreen.storyboard in Resources */ = {isa = PBXBuildFile; fileRef = 774CA6032057C99E00C5D919 /* LaunchScreen.storyboard */; };
/* End PBXBuildFile section */

/* Begin PBXFileReference section */
		774CA5F72057C99E00C5D919 /* AppleSample-LazyTableImages.app */ = {isa = PBXFileReference; explicitFileType = wrapper.application; includeInIndex = 0; path = "AppleSample-LazyTableImages.app"; sourceTree = BUILT_PRODUCTS_DIR; };
		774CA5FA2057C99E00C5D919 /* AppDelegate.swift */ = {isa = PBXFileReference; lastKnownFileType = sourcecode.swift; path = AppDelegate.swift; sourceTree = "<group>"; };
		774CA5FC2057C99E00C5D919 /* ViewController.swift */ = {isa = PBXFileReference; lastKnownFileType = sourcecode.swift; path = ViewController.swift; sourceTree = "<group>"; };
		774CA5FF2057C99E00C5D919 /* Base */ = {isa = PBXFileReference; lastKnownFileType = file.storyboard; name = Base; path = Base.lproj/Main.storyboard; sourceTree = "<group>"; };
		774CA6012057C99E00C5D919 /* Assets.xcassets */ = {isa = PBXFileReference; lastKnownFileType = folder.assetcatalog; path = Assets.xcassets; sourceTree = "<group>"; };
		774CA6042057C99E00C5D919 /* Base */ = {isa = PBXFileReference; lastKnownFileType = file.storyboard; name = Base; path = Base.lproj/LaunchScreen.storyboard; sourceTree = "<group>"; };
		774CA6062057C99F00C5D919 /* Info.plist */ = {isa = PBXFileReference; lastKnownFileType = text.plist.xml; path = Info.plist; sourceTree = "<group>"; };
/* End PBXFileReference section */

/* Begin PBXFrameworksBuildPhase section */
		774CA5F42057C99E00C5D919 /* Frameworks */ = {
			isa = PBXFrameworksBuildPhase;
			buildActionMask = 2147483647;
			files = (
			);
			runOnlyForDeploymentPostprocessing = 0;
		};
/* End PBXFrameworksBuildPhase section */

/* Begin PBXGroup section */
		774CA5EE2057C99E00C5D919 = {
			isa = PBXGroup;
			children = (
				774CA5F92057C99E00C5D919 /* AppleSample-LazyTableImages */,
				774CA5F82057C99E00C5D919 /* Products */,
			);
			sourceTree = "<group>";
		};
		774CA5F82057C99E00C5D919 /* Products */ = {
			isa = PBXGroup;
			children = (
				774CA5F72057C99E00C5D919 /* AppleSample-LazyTableImages.app */,
			);
			name = Products;
			sourceTree = "<group>";
		};
		774CA5F92057C99E00C5D919 /* AppleSample-LazyTableImages */ = {
			isa = PBXGroup;
			children = (
				774CA5FA2057C99E00C5D919 /* AppDelegate.swift */,
				774CA5FC2057C99E00C5D919 /* ViewController.swift */,
				774CA5FE2057C99E00C5D919 /* Main.storyboard */,
				774CA6012057C99E00C5D919 /* Assets.xcassets */,
				774CA6032057C99E00C5D919 /* LaunchScreen.storyboard */,
				774CA6062057C99F00C5D919 /* Info.plist */,
			);
			path = "AppleSample-LazyTableImages";
			sourceTree = "<group>";
		};
/* End PBXGroup section */

/* Begin PBXNativeTarget section */
		774CA5F62057C99E00C5D919 /* AppleSample-LazyTableImages */ = {
			isa = PBXNativeTarget;
			buildConfigurationList = 774CA6092057C99F00C5D919 /* Build configuration list for PBXNativeTarget "AppleSample-LazyTableImages" */;
			buildPhases = (
				774CA5F32057C99E00C5D919 /* Sources */,
				774CA5F42057C99E00C5D919 /* Frameworks */,
				774CA5F52057C99E00C5D919 /* Resources */,
			);
			buildRules = (
			);
			dependencies = (
			);
			name = "AppleSample-LazyTableImages";
			productName = "AppleSample-LazyTableImages";
			productReference = 774CA5F72057C99E00C5D919 /* AppleSample-LazyTableImages.app */;
			productType = "com.apple.product-type.application";
		};
/* End PBXNativeTarget section */

/* Begin PBXProject section */
		774CA5EF2057C99E00C5D919 /* Project object */ = {
			isa = PBXProject;
			attributes = {
				LastSwiftUpdateCheck = 0920;
				LastUpgradeCheck = 0920;
				ORGANIZATIONNAME = "Hamoud Alhoqbani";
				TargetAttributes = {
					774CA5F62057C99E00C5D919 = {
						CreatedOnToolsVersion = 9.2;
						ProvisioningStyle = Automatic;
					};
				};
			};
			buildConfigurationList = 774CA5F22057C99E00C5D919 /* Build configuration list for PBXProject "AppleSample-LazyTableImages" */;
			compatibilityVersion = "Xcode 8.0";
			developmentRegion = en;
			hasScannedForEncodings = 0;
			knownRegions = (
				en,
				Base,
			);
			mainGroup = 774CA5EE2057C99E00C5D919;
			productRefGroup = 774CA5F82057C99E00C5D919 /* Products */;
			projectDirPath = "";
			projectRoot = "";
			targets = (
				774CA5F62057C99E00C5D919 /* AppleSample-LazyTableImages */,
			);
		};
/* End PBXProject section */

/* Begin PBXResourcesBuildPhase section */
		774CA5F52057C99E00C5D919 /* Resources */ = {
			isa = PBXResourcesBuildPhase;
			buildActionMask = 2147483647;
			files = (
				774CA6052057C99E00C5D919 /* LaunchScreen.storyboard in Resources */,
				774CA6022057C99E00C5D919 /* Assets.xcassets in Resources */,
				774CA6002057C99E00C5D919 /* Main.storyboard in Resources */,
			);
			runOnlyForDeploymentPostprocessing = 0;
		};
/* End PBXResourcesBuildPhase section */

/* Begin PBXSourcesBuildPhase section */
		774CA5F32057C99E00C5D919 /* Sources */ = {
			isa = PBXSourcesBuildPhase;
			buildActionMask = 2147483647;
			files = (
				774CA5FD2057C99E00C5D919 /* ViewController.swift in Sources */,
				774CA5FB2057C99E00C5D919 /* AppDelegate.swift in Sources */,
			);
			runOnlyForDeploymentPostprocessing = 0;
		};
/* End PBXSourcesBuildPhase section */

/* Begin PBXVariantGroup section */
		774CA5FE2057C99E00C5D919 /* Main.storyboard */ = {
			isa = PBXVariantGroup;
			children = (
				774CA5FF2057C99E00C5D919 /* Base */,
			);
			name = Main.storyboard;
			sourceTree = "<group>";
		};
		774CA6032057C99E00C5D919 /* LaunchScreen.storyboard */ = {
			isa = PBXVariantGroup;
			children = (
				774CA6042057C99E00C5D919 /* Base */,
			);
			name = LaunchScreen.storyboard;
			sourceTree = "<group>";
		};
/* End PBXVariantGroup section */

/* Begin XCBuildConfiguration section */
		774CA6072057C99F00C5D919 /* Debug */ = {
			isa = XCBuildConfiguration;
			buildSettings = {
				ALWAYS_SEARCH_USER_PATHS = NO;
				CLANG_ANALYZER_NONNULL = YES;
				CLANG_ANALYZER_NUMBER_OBJECT_CONVERSION = YES_AGGRESSIVE;
				CLANG_CXX_LANGUAGE_STANDARD = "gnu++14";
				CLANG_CXX_LIBRARY = "libc++";
				CLANG_ENABLE_MODULES = YES;
				CLANG_ENABLE_OBJC_ARC = YES;
				CLANG_WARN_BLOCK_CAPTURE_AUTORELEASING = YES;
				CLANG_WARN_BOOL_CONVERSION = YES;
				CLANG_WARN_COMMA = YES;
				CLANG_WARN_CONSTANT_CONVERSION = YES;
				CLANG_WARN_DIRECT_OBJC_ISA_USAGE = YES_ERROR;
				CLANG_WARN_DOCUMENTATION_COMMENTS = YES;
				CLANG_WARN_EMPTY_BODY = YES;
				CLANG_WARN_ENUM_CONVERSION = YES;
				CLANG_WARN_INFINITE_RECURSION = YES;
				CLANG_WARN_INT_CONVERSION = YES;
				CLANG_WARN_NON_LITERAL_NULL_CONVERSION = YES;
				CLANG_WARN_OBJC_LITERAL_CONVERSION = YES;
				CLANG_WARN_OBJC_ROOT_CLASS = YES_ERROR;
				CLANG_WARN_RANGE_LOOP_ANALYSIS = YES;
				CLANG_WARN_STRICT_PROTOTYPES = YES;
				CLANG_WARN_SUSPICIOUS_MOVE = YES;
				CLANG_WARN_UNGUARDED_AVAILABILITY = YES_AGGRESSIVE;
				CLANG_WARN_UNREACHABLE_CODE = YES;
				CLANG_WARN__DUPLICATE_METHOD_MATCH = YES;
				CODE_SIGN_IDENTITY = "iPhone Developer";
				COPY_PHASE_STRIP = NO;
				DEBUG_INFORMATION_FORMAT = dwarf;
				ENABLE_STRICT_OBJC_MSGSEND = YES;
				ENABLE_TESTABILITY = YES;
				GCC_C_LANGUAGE_STANDARD = gnu11;
				GCC_DYNAMIC_NO_PIC = NO;
				GCC_NO_COMMON_BLOCKS = YES;
				GCC_OPTIMIZATION_LEVEL = 0;
				GCC_PREPROCESSOR_DEFINITIONS = (
					"DEBUG=1",
					"$(inherited)",
				);
				GCC_WARN_64_TO_32_BIT_CONVERSION = YES;
				GCC_WARN_ABOUT_RETURN_TYPE = YES_ERROR;
				GCC_WARN_UNDECLARED_SELECTOR = YES;
				GCC_WARN_UNINITIALIZED_AUTOS = YES_AGGRESSIVE;
				GCC_WARN_UNUSED_FUNCTION = YES;
				GCC_WARN_UNUSED_VARIABLE = YES;
				IPHONEOS_DEPLOYMENT_TARGET = 11.2;
				MTL_ENABLE_DEBUG_INFO = YES;
				ONLY_ACTIVE_ARCH = YES;
				SDKROOT = iphoneos;
				SWIFT_ACTIVE_COMPILATION_CONDITIONS = DEBUG;
				SWIFT_OPTIMIZATION_LEVEL = "-Onone";
			};
			name = Debug;
		};
		774CA6082057C99F00C5D919 /* Release */ = {
			isa = XCBuildConfiguration;
			buildSettings = {
				ALWAYS_SEARCH_USER_PATHS = NO;
				CLANG_ANALYZER_NONNULL = YES;
				CLANG_ANALYZER_NUMBER_OBJECT_CONVERSION = YES_AGGRESSIVE;
				CLANG_CXX_LANGUAGE_STANDARD = "gnu++14";
				CLANG_CXX_LIBRARY = "libc++";
				CLANG_ENABLE_MODULES = YES;
				CLANG_ENABLE_OBJC_ARC = YES;
				CLANG_WARN_BLOCK_CAPTURE_AUTORELEASING = YES;
				CLANG_WARN_BOOL_CONVERSION = YES;
				CLANG_WARN_COMMA = YES;
				CLANG_WARN_CONSTANT_CONVERSION = YES;
				CLANG_WARN_DIRECT_OBJC_ISA_USAGE = YES_ERROR;
				CLANG_WARN_DOCUMENTATION_COMMENTS = YES;
				CLANG_WARN_EMPTY_BODY = YES;
				CLANG_WARN_ENUM_CONVERSION = YES;
				CLANG_WARN_INFINITE_RECURSION = YES;
				CLANG_WARN_INT_CONVERSION = YES;
				CLANG_WARN_NON_LITERAL_NULL_CONVERSION = YES;
				CLANG_WARN_OBJC_LITERAL_CONVERSION = YES;
				CLANG_WARN_OBJC_ROOT_CLASS = YES_ERROR;
				CLANG_WARN_RANGE_LOOP_ANALYSIS = YES;
				CLANG_WARN_STRICT_PROTOTYPES = YES;
				CLANG_WARN_SUSPICIOUS_MOVE = YES;
				CLANG_WARN_UNGUARDED_AVAILABILITY = YES_AGGRESSIVE;
				CLANG_WARN_UNREACHABLE_CODE = YES;
				CLANG_WARN__DUPLICATE_METHOD_MATCH = YES;
				CODE_SIGN_IDENTITY = "iPhone Developer";
				COPY_PHASE_STRIP = NO;
				DEBUG_INFORMATION_FORMAT = "dwarf-with-dsym";
				ENABLE_NS_ASSERTIONS = NO;
				ENABLE_STRICT_OBJC_MSGSEND = YES;
				GCC_C_LANGUAGE_STANDARD = gnu11;
				GCC_NO_COMMON_BLOCKS = YES;
				GCC_WARN_64_TO_32_BIT_CONVERSION = YES;
				GCC_WARN_ABOUT_RETURN_TYPE = YES_ERROR;
				GCC_WARN_UNDECLARED_SELECTOR = YES;
				GCC_WARN_UNINITIALIZED_AUTOS = YES_AGGRESSIVE;
				GCC_WARN_UNUSED_FUNCTION = YES;
				GCC_WARN_UNUSED_VARIABLE = YES;
				IPHONEOS_DEPLOYMENT_TARGET = 11.2;
				MTL_ENABLE_DEBUG_INFO = NO;
				SDKROOT = iphoneos;
				SWIFT_OPTIMIZATION_LEVEL = "-Owholemodule";
				VALIDATE_PRODUCT = YES;
			};
			name = Release;
		};
		774CA60A2057C99F00C5D919 /* Debug */ = {
			isa = XCBuildConfiguration;
			buildSettings = {
				ASSETCATALOG_COMPILER_APPICON_NAME = AppIcon;
				CODE_SIGN_STYLE = Automatic;
				DEVELOPMENT_TEAM = JWBBAP7VQK;
				INFOPLIST_FILE = "AppleSample-LazyTableImages/Info.plist";
				LD_RUNPATH_SEARCH_PATHS = "$(inherited) @executable_path/Frameworks";
				PRODUCT_BUNDLE_IDENTIFIER = "com.alhoqbani.AppleSample-LazyTableImages";
				PRODUCT_NAME = "$(TARGET_NAME)";
				SWIFT_VERSION = 4.0;
				TARGETED_DEVICE_FAMILY = "1,2";
			};
			name = Debug;
		};
		774CA60B2057C99F00C5D919 /* Release */ = {
			isa = XCBuildConfiguration;
			buildSettings = {
				ASSETCATALOG_COMPILER_APPICON_NAME = AppIcon;
				CODE_SIGN_STYLE = Automatic;
				DEVELOPMENT_TEAM = JWBBAP7VQK;
				INFOPLIST_FILE = "AppleSample-LazyTableImages/Info.plist";
				LD_RUNPATH_SEARCH_PATHS = "$(inherited) @executable_path/Frameworks";
				PRODUCT_BUNDLE_IDENTIFIER = "com.alhoqbani.AppleSample-LazyTableImages";
				PRODUCT_NAME = "$(TARGET_NAME)";
				SWIFT_VERSION = 4.0;
				TARGETED_DEVICE_FAMILY = "1,2";
			};
			name = Release;
		};
/* End XCBuildConfiguration section */

/* Begin XCConfigurationList section */
		774CA5F22057C99E00C5D919 /* Build configuration list for PBXProject "AppleSample-LazyTableImages" */ = {
			isa = XCConfigurationList;
			buildConfigurations = (
				774CA6072057C99F00C5D919 /* Debug */,
				774CA6082057C99F00C5D919 /* Release */,
			);
			defaultConfigurationIsVisible = 0;
			defaultConfigurationName = Release;
		};
		774CA6092057C99F00C5D919 /* Build configuration list for PBXNativeTarget "AppleSample-LazyTableImages" */ = {
			isa = XCConfigurationList;
			buildConfigurations = (
				774CA60A2057C99F00C5D919 /* Debug */,
				774CA60B2057C99F00C5D919 /* Release */,
			);
			defaultConfigurationIsVisible = 0;
			defaultConfigurationName = Release;
		};
/* End XCConfigurationList section */
	};
	rootObject = 774CA5EF2057C99E00C5D919 /* Project object */;
}
